
Microsoft Visual Studio Solution File, Format Version 12.00
# Visual Studio Version 17
VisualStudioVersion = 17.7.34202.233
MinimumVisualStudioVersion = 10.0.40219.1
Project("{8BC9CEB8-8B4A-11D0-8D11-00A0C91BC942}") = "01Hello", "01Hello\01Hello.vcxproj", "{DF612D61-1347-4C4E-8357-A863A9CBD342}"
EndProject
Project("{8BC9CEB8-8B4A-11D0-8D11-00A0C91BC942}") = "02FirstCppProgram", "02FirstCppProgram\02FirstCppProgram.vcxproj", "{32F105D5-4597-4C53-BCF7-2C90F0AC4D9A}"
EndProject
Project("{8BC9CEB8-8B4A-11D0-8D11-00A0C91BC942}") = "03Statement", "03Statement\03Statement.vcxproj", "{D8A48142-FC72-4BC9-8191-8A35E11FD0F3}"
EndProject
Project("{8BC9CEB8-8B4A-11D0-8D11-00A0C91BC942}") = "04Function", "04Function\04Function.vcxproj", "{AE279CC3-55D3-485F-AACC-7DB6FD13A02D}"
EndProject
Project("{8BC9CEB8-8B4A-11D0-8D11-00A0C91BC942}") = "05InputOutput", "05InputOutput\05InputOutput.vcxproj", "{E3D91D2C-C2BA-4A8D-BDFD-C639ED686FB5}"
EndProject
Global
	GlobalSection(SolutionConfigurationPlatforms) = preSolution
		Debug|x64 = Debug|x64
		Debug|x86 = Debug|x86
		Release|x64 = Release|x64
		Release|x86 = Release|x86
	EndGlobalSection
	GlobalSection(ProjectConfigurationPlatforms) = postSolution
		{DF612D61-1347-4C4E-8357-A863A9CBD342}.Debug|x64.ActiveCfg = Debug|x64
		{DF612D61-1347-4C4E-8357-A863A9CBD342}.Debug|x64.Build.0 = Debug|x64
		{DF612D61-1347-4C4E-8357-A863A9CBD342}.Debug|x86.ActiveCfg = Debug|Win32
		{DF612D61-1347-4C4E-8357-A863A9CBD342}.Debug|x86.Build.0 = Debug|Win32
		{DF612D61-1347-4C4E-8357-A863A9CBD342}.Release|x64.ActiveCfg = Release|x64
		{DF612D61-1347-4C4E-8357-A863A9CBD342}.Release|x64.Build.0 = Release|x64
		{DF612D61-1347-4C4E-8357-A863A9CBD342}.Release|x86.ActiveCfg = Release|Win32
		{DF612D61-1347-4C4E-8357-A863A9CBD342}.Release|x86.Build.0 = Release|Win32
		{32F105D5-4597-4C53-BCF7-2C90F0AC4D9A}.Debug|x64.ActiveCfg = Debug|x64
		{32F105D5-4597-4C53-BCF7-2C90F0AC4D9A}.Debug|x64.Build.0 = Debug|x64
		{32F105D5-4597-4C53-BCF7-2C90F0AC4D9A}.Debug|x86.ActiveCfg = Debug|Win32
		{32F105D5-4597-4C53-BCF7-2C90F0AC4D9A}.Debug|x86.Build.0 = Debug|Win32
		{32F105D5-4597-4C53-BCF7-2C90F0AC4D9A}.Release|x64.ActiveCfg = Release|x64
		{32F105D5-4597-4C53-BCF7-2C90F0AC4D9A}.Release|x64.Build.0 = Release|x64
		{32F105D5-4597-4C53-BCF7-2C90F0AC4D9A}.Release|x86.ActiveCfg = Release|Win32
		{32F105D5-4597-4C53-BCF7-2C90F0AC4D9A}.Release|x86.Build.0 = Release|Win32
		{D8A48142-FC72-4BC9-8191-8A35E11FD0F3}.Debug|x64.ActiveCfg = Debug|x64
		{D8A48142-FC72-4BC9-8191-8A35E11FD0F3}.Debug|x64.Build.0 = Debug|x64
		{D8A48142-FC72-4BC9-8191-8A35E11FD0F3}.Debug|x86.ActiveCfg = Debug|Win32
		{D8A48142-FC72-4BC9-8191-8A35E11FD0F3}.Debug|x86.Build.0 = Debug|Win32
		{D8A48142-FC72-4BC9-8191-8A35E11FD0F3}.Release|x64.ActiveCfg = Release|x64
		{D8A48142-FC72-4BC9-8191-8A35E11FD0F3}.Release|x64.Build.0 = Release|x64
		{D8A48142-FC72-4BC9-8191-8A35E11FD0F3}.Release|x86.ActiveCfg = Release|Win32
		{D8A48142-FC72-4BC9-8191-8A35E11FD0F3}.Release|x86.Build.0 = Release|Win32
		{AE279CC3-55D3-485F-AACC-7DB6FD13A02D}.Debug|x64.ActiveCfg = Debug|x64
		{AE279CC3-55D3-485F-AACC-7DB6FD13A02D}.Debug|x64.Build.0 = Debug|x64
		{AE279CC3-55D3-485F-AACC-7DB6FD13A02D}.Debug|x86.ActiveCfg = Debug|Win32
		{AE279CC3-55D3-485F-AACC-7DB6FD13A02D}.Debug|x86.Build.0 = Debug|Win32
		{AE279CC3-55D3-485F-AACC-7DB6FD13A02D}.Release|x64.ActiveCfg = Release|x64
		{AE279CC3-55D3-485F-AACC-7DB6FD13A02D}.Release|x64.Build.0 = Release|x64
		{AE279CC3-55D3-485F-AACC-7DB6FD13A02D}.Release|x86.ActiveCfg = Release|Win32
		{AE279CC3-55D3-485F-AACC-7DB6FD13A02D}.Release|x86.Build.0 = Release|Win32
		{E3D91D2C-C2BA-4A8D-BDFD-C639ED686FB5}.Debug|x64.ActiveCfg = Debug|x64
		{E3D91D2C-C2BA-4A8D-BDFD-C639ED686FB5}.Debug|x64.Build.0 = Debug|x64
		{E3D91D2C-C2BA-4A8D-BDFD-C639ED686FB5}.Debug|x86.ActiveCfg = Debug|Win32
		{E3D91D2C-C2BA-4A8D-BDFD-C639ED686FB5}.Debug|x86.Build.0 = Debug|Win32
		{E3D91D2C-C2BA-4A8D-BDFD-C639ED686FB5}.Release|x64.ActiveCfg = Release|x64
		{E3D91D2C-C2BA-4A8D-BDFD-C639ED686FB5}.Release|x64.Build.0 = Release|x64
		{E3D91D2C-C2BA-4A8D-BDFD-C639ED686FB5}.Release|x86.ActiveCfg = Release|Win32
		{E3D91D2C-C2BA-4A8D-BDFD-C639ED686FB5}.Release|x86.Build.0 = Release|Win32
	EndGlobalSection
	GlobalSection(SolutionProperties) = preSolution
		HideSolutionNode = FALSE
	EndGlobalSection
	GlobalSection(ExtensibilityGlobals) = postSolution
		SolutionGuid = {3B40CC6F-2355-4069-9035-2B297438D0AB}
	EndGlobalSection
EndGlobal
